{
  "R": {
    "Version": "4.1.2",
    "Repositories": [
      {
        "Name": "CRAN",
        "URL": "https://packagemanager.posit.co/cran/latest"
      }
    ]
  },
  "Packages": {
    "BH": {
      "Package": "BH",
      "Version": "1.84.0-0",
      "Source": "Repository",
      "Repository": "CRAN",
      "Hash": "a8235afbcd6316e6e91433ea47661013"
    },
    "MASS": {
      "Package": "MASS",
      "Version": "7.3-54",
      "Source": "Repository",
      "Repository": "CRAN",
      "Requirements": [
        "R",
        "grDevices",
        "graphics",
        "methods",
        "stats",
        "utils"
      ],
      "Hash": "0e59129db205112e3963904db67fd0dc"
    },
    "Matrix": {
      "Package": "Matrix",
      "Version": "1.6-5",
      "Source": "Repository",
      "Repository": "CRAN",
      "Requirements": [
        "R",
        "grDevices",
        "graphics",
        "grid",
        "lattice",
        "methods",
        "stats",
        "utils"
      ],
      "Hash": "a4faf0a48068e6ef5f896cf677a50320"
    },
    "QuickJSR": {
      "Package": "QuickJSR",
      "Version": "1.1.3",
      "Source": "Repository",
      "Repository": "CRAN",
      "Requirements": [
        "R6",
        "Rcpp",
        "jsonlite"
      ],
      "Hash": "765d4f4bcec02ed0663d4de3db23f6e5"
    },
    "R6": {
      "Package": "R6",
      "Version": "2.5.1",
      "Source": "Repository",
      "Repository": "CRAN",
      "Requirements": [
        "R"
      ],
      "Hash": "470851b6d5d0ac559e9d01bb352b4021"
    },
    "RColorBrewer": {
      "Package": "RColorBrewer",
      "Version": "1.1-3",
      "Source": "Repository",
      "Repository": "CRAN",
      "Requirements": [
        "R"
      ],
      "Hash": "45f0398006e83a5b10b72a90663d8d8c"
    },
    "Rcpp": {
      "Package": "Rcpp",
      "Version": "1.0.12",
      "Source": "Repository",
      "Repository": "CRAN",
      "Requirements": [
        "methods",
        "utils"
      ],
      "Hash": "5ea2700d21e038ace58269ecdbeb9ec0"
    },
    "RcppEigen": {
      "Package": "RcppEigen",
      "Version": "0.3.3.9.4",
      "Source": "Repository",
      "Repository": "CRAN",
      "Requirements": [
        "R",
        "Rcpp",
        "stats",
        "utils"
      ],
      "Hash": "acb0a5bf38490f26ab8661b467f4f53a"
    },
    "RcppParallel": {
      "Package": "RcppParallel",
      "Version": "5.1.7",
      "Source": "Repository",
      "Repository": "CRAN",
      "Requirements": [
        "R"
      ],
      "Hash": "a45594a00f5dbb073d5ec9f48592a08a"
    },
    "StanHeaders": {
      "Package": "StanHeaders",
      "Version": "2.32.5",
      "Source": "Repository",
      "Repository": "CRAN",
      "Requirements": [
        "R",
        "RcppEigen",
        "RcppParallel"
      ],
      "Hash": "b8d6850ef3e330bc108e712679e79443"
    },
    "abind": {
      "Package": "abind",
      "Version": "1.4-5",
      "Source": "Repository",
      "Repository": "CRAN",
      "Requirements": [
        "R",
        "methods",
        "utils"
      ],
      "Hash": "4f57884290cc75ab22f4af9e9d4ca862"
    },
    "backports": {
      "Package": "backports",
      "Version": "1.4.1",
      "Source": "Repository",
      "Repository": "CRAN",
      "Requirements": [
        "R"
      ],
      "Hash": "c39fbec8a30d23e721980b8afb31984c"
    },
    "bayesplot": {
      "Package": "bayesplot",
      "Version": "1.11.1",
      "Source": "Repository",
      "Repository": "CRAN",
      "Requirements": [
        "R",
        "dplyr",
        "ggplot2",
        "ggridges",
        "glue",
        "posterior",
        "reshape2",
        "rlang",
        "stats",
        "tibble",
        "tidyselect",
        "utils"
      ],
      "Hash": "014018b974d7b9a0fa54d20f153c4121"
    },
    "callr": {
      "Package": "callr",
      "Version": "3.7.5",
      "Source": "Repository",
      "Repository": "CRAN",
      "Requirements": [
        "R",
        "R6",
        "processx",
        "utils"
      ],
      "Hash": "d63eb9898c0d31d6a94b8b632822d647"
    },
    "checkmate": {
      "Package": "checkmate",
      "Version": "2.3.1",
      "Source": "Repository",
      "Repository": "CRAN",
      "Requirements": [
        "R",
        "backports",
        "utils"
      ],
      "Hash": "ad4d23e1fe120d8bfdd5eab8dd769f06"
    },
    "cli": {
      "Package": "cli",
      "Version": "3.6.2",
      "Source": "Repository",
      "Repository": "CRAN",
      "Requirements": [
        "R",
        "utils"
      ],
      "Hash": "31892951f14f7f1e880f62f3e6dbed8f"
    },
    "colorspace": {
      "Package": "colorspace",
      "Version": "2.1-0",
      "Source": "Repository",
      "Repository": "CRAN",
      "Requirements": [
        "R",
        "grDevices",
        "graphics",
        "methods",
        "stats"
      ],
      "Hash": "f20c47fd52fae58b4e377c37bb8c335b"
    },
    "desc": {
      "Package": "desc",
      "Version": "1.4.3",
      "Source": "Repository",
      "Repository": "CRAN",
      "Requirements": [
        "R",
        "R6",
        "cli",
        "utils"
      ],
      "Hash": "b24e3a28cb00ac41176d2032a99b672e"
    },
    "distributional": {
      "Package": "distributional",
      "Version": "0.4.0",
      "Source": "Repository",
      "Repository": "CRAN",
      "Requirements": [
        "generics",
        "lifecycle",
        "numDeriv",
        "rlang",
        "stats",
        "utils",
        "vctrs"
      ],
      "Hash": "3bad76869f2257ea4fd00a3c08c2bcce"
    },
    "dplyr": {
      "Package": "dplyr",
      "Version": "1.1.4",
      "Source": "Repository",
      "Repository": "CRAN",
      "Requirements": [
        "R",
        "R6",
        "cli",
        "generics",
        "glue",
        "lifecycle",
        "magrittr",
        "methods",
        "pillar",
        "rlang",
        "tibble",
        "tidyselect",
        "utils",
        "vctrs"
      ],
      "Hash": "3419ae93b78454083c3088dbe80f8277"
    },
    "fansi": {
      "Package": "fansi",
      "Version": "1.0.6",
      "Source": "Repository",
      "Repository": "CRAN",
      "Requirements": [
        "R",
        "grDevices",
        "utils"
      ],
      "Hash": "962174cf2aeb5b9eea581522286a911f"
    },
    "farver": {
      "Package": "farver",
      "Version": "2.1.1",
      "Source": "Repository",
      "Repository": "CRAN",
      "Hash": "5287515963bd86579c36430b81ec89b1"
    },
    "generics": {
      "Package": "generics",
      "Version": "0.1.3",
      "Source": "Repository",
      "Repository": "CRAN",
      "Requirements": [
        "R",
        "methods"
      ],
      "Hash": "15e9634c0fcd294799e9b2e929ed1b86"
    },
    "ggplot2": {
      "Package": "ggplot2",
      "Version": "3.4.4",
      "Source": "Repository",
      "Repository": "CRAN",
      "Requirements": [
        "MASS",
        "R",
        "cli",
        "glue",
        "grDevices",
        "grid",
        "gtable",
        "isoband",
        "lifecycle",
        "mgcv",
        "rlang",
        "scales",
        "stats",
        "tibble",
        "vctrs",
        "withr"
      ],
      "Hash": "313d31eff2274ecf4c1d3581db7241f9"
    },
    "ggridges": {
      "Package": "ggridges",
      "Version": "0.5.6",
      "Source": "Repository",
      "Repository": "CRAN",
      "Requirements": [
        "R",
        "ggplot2",
        "grid",
        "scales",
        "withr"
      ],
      "Hash": "66488692cb8621bc78df1b9b819497a6"
    },
    "glue": {
      "Package": "glue",
      "Version": "1.7.0",
      "Source": "Repository",
      "Repository": "CRAN",
      "Requirements": [
        "R",
        "methods"
      ],
      "Hash": "e0b3a53876554bd45879e596cdb10a52"
    },
    "gridExtra": {
      "Package": "gridExtra",
      "Version": "2.3",
      "Source": "Repository",
      "Repository": "CRAN",
      "Requirements": [
        "grDevices",
        "graphics",
        "grid",
        "gtable",
        "utils"
      ],
      "Hash": "7d7f283939f563670a697165b2cf5560"
    },
    "gtable": {
      "Package": "gtable",
      "Version": "0.3.4",
      "Source": "Repository",
      "Repository": "CRAN",
      "Requirements": [
        "R",
        "cli",
        "glue",
        "grid",
        "lifecycle",
        "rlang"
      ],
      "Hash": "b29cf3031f49b04ab9c852c912547eef"
    },
    "inline": {
      "Package": "inline",
      "Version": "0.3.19",
      "Source": "Repository",
      "Repository": "CRAN",
      "Requirements": [
        "methods"
      ],
      "Hash": "1deaf1de3eac7e1d3377954b3a283652"
    },
    "isoband": {
      "Package": "isoband",
      "Version": "0.2.7",
      "Source": "Repository",
      "Repository": "CRAN",
      "Requirements": [
        "grid",
        "utils"
      ],
      "Hash": "0080607b4a1a7b28979aecef976d8bc2"
    },
    "jsonlite": {
      "Package": "jsonlite",
      "Version": "1.8.8",
      "Source": "Repository",
      "Repository": "CRAN",
      "Requirements": [
        "methods"
      ],
      "Hash": "e1b9c55281c5adc4dd113652d9e26768"
    },
    "labeling": {
      "Package": "labeling",
      "Version": "0.4.3",
      "Source": "Repository",
      "Repository": "CRAN",
      "Requirements": [
        "graphics",
        "stats"
      ],
      "Hash": "b64ec208ac5bc1852b285f665d6368b3"
    },
    "lattice": {
      "Package": "lattice",
      "Version": "0.20-45",
      "Source": "Repository",
      "Repository": "CRAN",
      "Requirements": [
        "R",
        "grDevices",
        "graphics",
        "grid",
        "stats",
        "utils"
      ],
      "Hash": "b64cdbb2b340437c4ee047a1f4c4377b"
    },
    "lifecycle": {
      "Package": "lifecycle",
      "Version": "1.0.4",
      "Source": "Repository",
      "Repository": "CRAN",
      "Requirements": [
        "R",
        "cli",
        "glue",
        "rlang"
      ],
      "Hash": "b8552d117e1b808b09a832f589b79035"
    },
    "loo": {
      "Package": "loo",
      "Version": "2.6.0",
      "Source": "Repository",
      "Repository": "CRAN",
      "Requirements": [
        "R",
        "checkmate",
        "matrixStats",
        "parallel",
        "stats"
      ],
      "Hash": "64c5ce1863e1b6fec218978c1dc5d4a2"
    },
    "magrittr": {
      "Package": "magrittr",
      "Version": "2.0.3",
      "Source": "Repository",
      "Repository": "CRAN",
      "Requirements": [
        "R"
      ],
      "Hash": "7ce2733a9826b3aeb1775d56fd305472"
    },
    "matrixStats": {
      "Package": "matrixStats",
      "Version": "1.2.0",
      "Source": "Repository",
      "Repository": "CRAN",
      "Requirements": [
        "R"
      ],
      "Hash": "33a3ca9e732b57244d14f5d732ffc9eb"
    },
    "mgcv": {
      "Package": "mgcv",
      "Version": "1.8-38",
      "Source": "Repository",
      "Repository": "CRAN",
      "Requirements": [
        "Matrix",
        "R",
        "graphics",
        "methods",
        "nlme",
        "splines",
        "stats",
        "utils"
      ],
      "Hash": "be3c61ffbb1e3d3b3df214d192ac5444"
    },
    "munsell": {
      "Package": "munsell",
      "Version": "0.5.0",
      "Source": "Repository",
      "Repository": "CRAN",
      "Requirements": [
        "colorspace",
        "methods"
      ],
      "Hash": "6dfe8bf774944bd5595785e3229d8771"
    },
    "nlme": {
      "Package": "nlme",
      "Version": "3.1-153",
      "Source": "Repository",
      "Repository": "CRAN",
      "Requirements": [
        "R",
        "graphics",
        "lattice",
        "stats",
        "utils"
      ],
      "Hash": "2d632e0d963a653a0329756ce701ecdd"
    },
    "numDeriv": {
      "Package": "numDeriv",
      "Version": "2016.8-1.1",
      "Source": "Repository",
      "Repository": "CRAN",
      "Requirements": [
        "R"
      ],
      "Hash": "df58958f293b166e4ab885ebcad90e02"
    },
    "pillar": {
      "Package": "pillar",
      "Version": "1.9.0",
      "Source": "Repository",
      "Repository": "CRAN",
      "Requirements": [
        "cli",
        "fansi",
        "glue",
        "lifecycle",
        "rlang",
        "utf8",
        "utils",
        "vctrs"
      ],
      "Hash": "15da5a8412f317beeee6175fbc76f4bb"
    },
    "pkgbuild": {
      "Package": "pkgbuild",
      "Version": "1.4.3",
      "Source": "Repository",
      "Repository": "CRAN",
      "Requirements": [
        "R",
        "R6",
        "callr",
        "cli",
        "desc",
        "processx"
      ],
      "Hash": "500b7fb19387adb0721678305cd341c0"
    },
    "pkgconfig": {
      "Package": "pkgconfig",
      "Version": "2.0.3",
      "Source": "Repository",
      "Repository": "CRAN",
      "Requirements": [
        "utils"
      ],
      "Hash": "01f28d4278f15c76cddbea05899c5d6f"
    },
    "plyr": {
      "Package": "plyr",
      "Version": "1.8.9",
      "Source": "Repository",
      "Repository": "CRAN",
      "Requirements": [
        "R",
        "Rcpp"
      ],
      "Hash": "6b8177fd19982f0020743fadbfdbd933"
    },
    "posterior": {
      "Package": "posterior",
      "Version": "1.5.0",
      "Source": "Repository",
      "Repository": "CRAN",
      "Requirements": [
        "R",
        "abind",
        "checkmate",
        "distributional",
        "matrixStats",
        "methods",
        "parallel",
        "pillar",
        "rlang",
        "stats",
        "tensorA",
        "tibble",
        "vctrs"
      ],
      "Hash": "348173716a2d1fa3effe857197ad1904"
    },
    "processx": {
      "Package": "processx",
      "Version": "3.8.3",
      "Source": "Repository",
      "Repository": "CRAN",
      "Requirements": [
        "R",
        "R6",
        "ps",
        "utils"
      ],
      "Hash": "c6e2478afccd4f522cddc64d7c96015c"
    },
    "ps": {
      "Package": "ps",
      "Version": "1.7.6",
      "Source": "Repository",
      "Repository": "CRAN",
      "Requirements": [
        "R",
        "utils"
      ],
      "Hash": "8d78e36948cb3d05cd76ac22caad4ee1"
    },
    "renv": {
      "Package": "renv",
      "Version": "1.0.4",
      "Source": "Repository",
      "Repository": "CRAN",
      "Requirements": [
        "utils"
      ],
      "Hash": "11abaf7c540ff33f94514d50f929bfd1"
    },
    "reshape2": {
      "Package": "reshape2",
      "Version": "1.4.4",
      "Source": "Repository",
      "Repository": "CRAN",
      "Requirements": [
        "R",
        "Rcpp",
        "plyr",
        "stringr"
      ],
      "Hash": "bb5996d0bd962d214a11140d77589917"
    },
    "rlang": {
      "Package": "rlang",
      "Version": "1.1.3",
      "Source": "Repository",
      "Repository": "CRAN",
      "Requirements": [
        "R",
        "utils"
      ],
      "Hash": "42548638fae05fd9a9b5f3f437fbbbe2"
    },
    "rstan": {
      "Package": "rstan",
      "Version": "2.32.5",
      "Source": "Repository",
      "Repository": "CRAN",
      "Requirements": [
        "BH",
        "QuickJSR",
        "R",
        "Rcpp",
        "RcppEigen",
        "RcppParallel",
        "StanHeaders",
        "ggplot2",
        "gridExtra",
        "inline",
        "loo",
        "methods",
        "pkgbuild",
        "stats4"
      ],
      "Hash": "378a10b6373822761ec78021c105b059"
    },
    "scales": {
      "Package": "scales",
      "Version": "1.3.0",
      "Source": "Repository",
      "Repository": "CRAN",
      "Requirements": [
        "R",
        "R6",
        "RColorBrewer",
        "cli",
        "farver",
        "glue",
        "labeling",
        "lifecycle",
        "munsell",
        "rlang",
        "viridisLite"
      ],
      "Hash": "c19df082ba346b0ffa6f833e92de34d1"
    },
    "stringi": {
      "Package": "stringi",
      "Version": "1.8.3",
      "Source": "Repository",
      "Repository": "CRAN",
      "Requirements": [
        "R",
        "stats",
        "tools",
        "utils"
      ],
      "Hash": "058aebddea264f4c99401515182e656a"
    },
    "stringr": {
      "Package": "stringr",
      "Version": "1.5.1",
      "Source": "Repository",
      "Repository": "CRAN",
      "Requirements": [
        "R",
        "cli",
        "glue",
        "lifecycle",
        "magrittr",
        "rlang",
        "stringi",
        "vctrs"
      ],
      "Hash": "960e2ae9e09656611e0b8214ad543207"
    },
    "tensorA": {
      "Package": "tensorA",
      "Version": "0.36.2.1",
      "Source": "Repository",
      "Repository": "CRAN",
      "Requirements": [
        "R",
        "stats"
      ],
      "Hash": "0d587599172f2ffda2c09cb6b854e0e5"
    },
    "tibble": {
      "Package": "tibble",
      "Version": "3.2.1",
      "Source": "Repository",
      "Repository": "CRAN",
      "Requirements": [
        "R",
        "fansi",
        "lifecycle",
        "magrittr",
        "methods",
        "pillar",
        "pkgconfig",
        "rlang",
        "utils",
        "vctrs"
      ],
      "Hash": "a84e2cc86d07289b3b6f5069df7a004c"
    },
    "tidyselect": {
      "Package": "tidyselect",
      "Version": "1.2.0",
      "Source": "Repository",
      "Repository": "CRAN",
      "Requirements": [
        "R",
        "cli",
        "glue",
        "lifecycle",
        "rlang",
        "vctrs",
        "withr"
      ],
      "Hash": "79540e5fcd9e0435af547d885f184fd5"
    },
    "utf8": {
      "Package": "utf8",
      "Version": "1.2.4",
      "Source": "Repository",
      "Repository": "CRAN",
      "Requirements": [
        "R"
      ],
      "Hash": "bc98b862a7e4daf1252fb8f93d471092"
    },
    "vctrs": {
      "Package": "vctrs",
      "Version": "0.6.5",
      "Source": "Repository",
      "Repository": "CRAN",
      "Requirements": [
        "R",
        "cli",
        "glue",
        "lifecycle",
        "rlang"
      ],
      "Hash": "c03fa420630029418f7e6da3667aac4a"
    },
    "viridisLite": {
      "Package": "viridisLite",
      "Version": "0.4.2",
      "Source": "Repository",
      "Repository": "CRAN",
      "Requirements": [
        "R"
      ],
      "Hash": "75db8c7afde565b91c7b07406fe35ded"
    },
    "withr": {
      "Package": "withr",
      "Version": "3.0.0",
      "Source": "Repository",
      "Repository": "CRAN",
      "Requirements": [
        "R",
        "grDevices",
        "graphics"
      ],
      "Hash": "a23aeda64f003cd34690efe31cd766c7"
    }
  }
}
